
Microsoft Visual Studio Solution File, Format Version 12.00
# Visual Studio Version 17
VisualStudioVersion = 17.11.35312.102
MinimumVisualStudioVersion = 10.0.40219.1
Project("{9A19103F-16F7-4668-BE54-9A1E7A4F7556}") = "Practice5", "Practice5\Practice5.csproj", "{518E199C-EC5E-4C8B-816E-FDA2618C7C88}"
EndProject
Project("{FAE04EC0-301F-11D3-BF4B-00C04F79EFBC}") = "TestPractice5", "TestPractice5\TestPractice5.csproj", "{6E635B97-5B07-454F-8050-51C25DD45D01}"
EndProject
Global
	GlobalSection(SolutionConfigurationPlatforms) = preSolution
		Debug|Any CPU = Debug|Any CPU
		Release|Any CPU = Release|Any CPU
	EndGlobalSection
	GlobalSection(ProjectConfigurationPlatforms) = postSolution
		{518E199C-EC5E-4C8B-816E-FDA2618C7C88}.Debug|Any CPU.ActiveCfg = Debug|Any CPU
		{518E199C-EC5E-4C8B-816E-FDA2618C7C88}.Debug|Any CPU.Build.0 = Debug|Any CPU
		{518E199C-EC5E-4C8B-816E-FDA2618C7C88}.Release|Any CPU.ActiveCfg = Release|Any CPU
		{518E199C-EC5E-4C8B-816E-FDA2618C7C88}.Release|Any CPU.Build.0 = Release|Any CPU
		{6E635B97-5B07-454F-8050-51C25DD45D01}.Debug|Any CPU.ActiveCfg = Debug|Any CPU
		{6E635B97-5B07-454F-8050-51C25DD45D01}.Debug|Any CPU.Build.0 = Debug|Any CPU
		{6E635B97-5B07-454F-8050-51C25DD45D01}.Release|Any CPU.ActiveCfg = Release|Any CPU
		{6E635B97-5B07-454F-8050-51C25DD45D01}.Release|Any CPU.Build.0 = Release|Any CPU
	EndGlobalSection
	GlobalSection(SolutionProperties) = preSolution
		HideSolutionNode = FALSE
	EndGlobalSection
	GlobalSection(ExtensibilityGlobals) = postSolution
		SolutionGuid = {941F6461-19DF-481C-B807-E4965D15269A}
	EndGlobalSection
EndGlobal
